
Microsoft Visual Studio Solution File, Format Version 12.00
# Visual Studio Version 16
VisualStudioVersion = 16.0.28803.916
MinimumVisualStudioVersion = 10.0.40219.1
Project("{FAE04EC0-301F-11D3-BF4B-00C04F79EFBC}") = "TestWebApp", "TestWebApp\TestWebApp.csproj", "{57C2BE3B-4733-4B5F-8774-513FDFF8ABCD}"
EndProject
Global
	GlobalSection(SolutionConfigurationPlatforms) = preSolution
		Debug|Any CPU = Debug|Any CPU
		Release|Any CPU = Release|Any CPU
	EndGlobalSection
	GlobalSection(ProjectConfigurationPlatforms) = postSolution
		{57C2BE3B-4733-4B5F-8774-513FDFF8ABCD}.Debug|Any CPU.ActiveCfg = Debug|Any CPU
		{57C2BE3B-4733-4B5F-8774-513FDFF8ABCD}.Debug|Any CPU.Build.0 = Debug|Any CPU
		{57C2BE3B-4733-4B5F-8774-513FDFF8ABCD}.Release|Any CPU.ActiveCfg = Release|Any CPU
		{57C2BE3B-4733-4B5F-8774-513FDFF8ABCD}.Release|Any CPU.Build.0 = Release|Any CPU
	EndGlobalSection
	GlobalSection(SolutionProperties) = preSolution
		HideSolutionNode = FALSE
	EndGlobalSection
	GlobalSection(ExtensibilityGlobals) = postSolution
		SolutionGuid = {F44304C0-B9AB-4BAB-8ACC-95D831BAD8B9}
	EndGlobalSection
EndGlobal
